
Microsoft Visual Studio Solution File, Format Version 12.00
# Visual Studio Version 17
VisualStudioVersion = 17.4.33122.133
MinimumVisualStudioVersion = 10.0.40219.1
Project("{FAE04EC0-301F-11D3-BF4B-00C04F79EFBC}") = "MVC_TEST", "MVC_TEST\MVC_TEST.csproj", "{C096A7CD-2C07-4EA1-8B08-59BD012CDF73}"
EndProject
Global
	GlobalSection(SolutionConfigurationPlatforms) = preSolution
		Debug|Any CPU = Debug|Any CPU
		Release|Any CPU = Release|Any CPU
	EndGlobalSection
	GlobalSection(ProjectConfigurationPlatforms) = postSolution
		{C096A7CD-2C07-4EA1-8B08-59BD012CDF73}.Debug|Any CPU.ActiveCfg = Debug|Any CPU
		{C096A7CD-2C07-4EA1-8B08-59BD012CDF73}.Debug|Any CPU.Build.0 = Debug|Any CPU
		{C096A7CD-2C07-4EA1-8B08-59BD012CDF73}.Release|Any CPU.ActiveCfg = Release|Any CPU
		{C096A7CD-2C07-4EA1-8B08-59BD012CDF73}.Release|Any CPU.Build.0 = Release|Any CPU
	EndGlobalSection
	GlobalSection(SolutionProperties) = preSolution
		HideSolutionNode = FALSE
	EndGlobalSection
	GlobalSection(ExtensibilityGlobals) = postSolution
		SolutionGuid = {D8148974-FDE9-4EAC-A676-C767EC3E7D83}
	EndGlobalSection
EndGlobal
